// !$*UTF8*$!
{
	archiveVersion = 1;
	classes = {
	};
	objectVersion = 46;
	objects = {

/* Begin PBXBuildFile section */
		24876D081C73875C00610969 /* AppDelegate.swift in Sources */ = {isa = PBXBuildFile; fileRef = 24876D071C73875C00610969 /* AppDelegate.swift */; };
		24876D0A1C73875C00610969 /* ViewController.swift in Sources */ = {isa = PBXBuildFile; fileRef = 24876D091C73875C00610969 /* ViewController.swift */; };
		24876D0D1C73875C00610969 /* Main.storyboard in Resources */ = {isa = PBXBuildFile; fileRef = 24876D0B1C73875C00610969 /* Main.storyboard */; };
		24876D0F1C73875C00610969 /* Assets.xcassets in Resources */ = {isa = PBXBuildFile; fileRef = 24876D0E1C73875C00610969 /* Assets.xcassets */; };
		24876D121C73875C00610969 /* LaunchScreen.storyboard in Resources */ = {isa = PBXBuildFile; fileRef = 24876D101C73875C00610969 /* LaunchScreen.storyboard */; };
		24876D1D1C73875C00610969 /* MailboxTests.swift in Sources */ = {isa = PBXBuildFile; fileRef = 24876D1C1C73875C00610969 /* MailboxTests.swift */; };
		24876D281C73875C00610969 /* MailboxUITests.swift in Sources */ = {isa = PBXBuildFile; fileRef = 24876D271C73875C00610969 /* MailboxUITests.swift */; };
/* End PBXBuildFile section */

/* Begin PBXContainerItemProxy section */
		24876D191C73875C00610969 /* PBXContainerItemProxy */ = {
			isa = PBXContainerItemProxy;
			containerPortal = 24876CFC1C73875C00610969 /* Project object */;
			proxyType = 1;
			remoteGlobalIDString = 24876D031C73875C00610969;
			remoteInfo = Mailbox;
		};
		24876D241C73875C00610969 /* PBXContainerItemProxy */ = {
			isa = PBXContainerItemProxy;
			containerPortal = 24876CFC1C73875C00610969 /* Project object */;
			proxyType = 1;
			remoteGlobalIDString = 24876D031C73875C00610969;
			remoteInfo = Mailbox;
		};
/* End PBXContainerItemProxy section */

/* Begin PBXFileReference section */
		24876D041C73875C00610969 /* Mailbox.app */ = {isa = PBXFileReference; explicitFileType = wrapper.application; includeInIndex = 0; path = Mailbox.app; sourceTree = BUILT_PRODUCTS_DIR; };
		24876D071C73875C00610969 /* AppDelegate.swift */ = {isa = PBXFileReference; lastKnownFileType = sourcecode.swift; path = AppDelegate.swift; sourceTree = "<group>"; };
		24876D091C73875C00610969 /* ViewController.swift */ = {isa = PBXFileReference; lastKnownFileType = sourcecode.swift; path = ViewController.swift; sourceTree = "<group>"; };
		24876D0C1C73875C00610969 /* Base */ = {isa = PBXFileReference; lastKnownFileType = file.storyboard; name = Base; path = Base.lproj/Main.storyboard; sourceTree = "<group>"; };
		24876D0E1C73875C00610969 /* Assets.xcassets */ = {isa = PBXFileReference; lastKnownFileType = folder.assetcatalog; path = Assets.xcassets; sourceTree = "<group>"; };
		24876D111C73875C00610969 /* Base */ = {isa = PBXFileReference; lastKnownFileType = file.storyboard; name = Base; path = Base.lproj/LaunchScreen.storyboard; sourceTree = "<group>"; };
		24876D131C73875C00610969 /* Info.plist */ = {isa = PBXFileReference; lastKnownFileType = text.plist.xml; path = Info.plist; sourceTree = "<group>"; };
		24876D181C73875C00610969 /* MailboxTests.xctest */ = {isa = PBXFileReference; explicitFileType = wrapper.cfbundle; includeInIndex = 0; path = MailboxTests.xctest; sourceTree = BUILT_PRODUCTS_DIR; };
		24876D1C1C73875C00610969 /* MailboxTests.swift */ = {isa = PBXFileReference; lastKnownFileType = sourcecode.swift; path = MailboxTests.swift; sourceTree = "<group>"; };
		24876D1E1C73875C00610969 /* Info.plist */ = {isa = PBXFileReference; lastKnownFileType = text.plist.xml; path = Info.plist; sourceTree = "<group>"; };
		24876D231C73875C00610969 /* MailboxUITests.xctest */ = {isa = PBXFileReference; explicitFileType = wrapper.cfbundle; includeInIndex = 0; path = MailboxUITests.xctest; sourceTree = BUILT_PRODUCTS_DIR; };
		24876D271C73875C00610969 /* MailboxUITests.swift */ = {isa = PBXFileReference; lastKnownFileType = sourcecode.swift; path = MailboxUITests.swift; sourceTree = "<group>"; };
		24876D291C73875C00610969 /* Info.plist */ = {isa = PBXFileReference; lastKnownFileType = text.plist.xml; path = Info.plist; sourceTree = "<group>"; };
/* End PBXFileReference section */

/* Begin PBXFrameworksBuildPhase section */
		24876D011C73875C00610969 /* Frameworks */ = {
			isa = PBXFrameworksBuildPhase;
			buildActionMask = 2147483647;
			files = (
			);
			runOnlyForDeploymentPostprocessing = 0;
		};
		24876D151C73875C00610969 /* Frameworks */ = {
			isa = PBXFrameworksBuildPhase;
			buildActionMask = 2147483647;
			files = (
			);
			runOnlyForDeploymentPostprocessing = 0;
		};
		24876D201C73875C00610969 /* Frameworks */ = {
			isa = PBXFrameworksBuildPhase;
			buildActionMask = 2147483647;
			files = (
			);
			runOnlyForDeploymentPostprocessing = 0;
		};
/* End PBXFrameworksBuildPhase section */

/* Begin PBXGroup section */
		24876CFB1C73875C00610969 = {
			isa = PBXGroup;
			children = (
				24876D061C73875C00610969 /* Mailbox */,
				24876D1B1C73875C00610969 /* MailboxTests */,
				24876D261C73875C00610969 /* MailboxUITests */,
				24876D051C73875C00610969 /* Products */,
			);
			sourceTree = "<group>";
		};
		24876D051C73875C00610969 /* Products */ = {
			isa = PBXGroup;
			children = (
				24876D041C73875C00610969 /* Mailbox.app */,
				24876D181C73875C00610969 /* MailboxTests.xctest */,
				24876D231C73875C00610969 /* MailboxUITests.xctest */,
			);
			name = Products;
			sourceTree = "<group>";
		};
		24876D061C73875C00610969 /* Mailbox */ = {
			isa = PBXGroup;
			children = (
				24876D071C73875C00610969 /* AppDelegate.swift */,
				24876D091C73875C00610969 /* ViewController.swift */,
				24876D0B1C73875C00610969 /* Main.storyboard */,
				24876D0E1C73875C00610969 /* Assets.xcassets */,
				24876D101C73875C00610969 /* LaunchScreen.storyboard */,
				24876D131C73875C00610969 /* Info.plist */,
			);
			path = Mailbox;
			sourceTree = "<group>";
		};
		24876D1B1C73875C00610969 /* MailboxTests */ = {
			isa = PBXGroup;
			children = (
				24876D1C1C73875C00610969 /* MailboxTests.swift */,
				24876D1E1C73875C00610969 /* Info.plist */,
			);
			path = MailboxTests;
			sourceTree = "<group>";
		};
		24876D261C73875C00610969 /* MailboxUITests */ = {
			isa = PBXGroup;
			children = (
				24876D271C73875C00610969 /* MailboxUITests.swift */,
				24876D291C73875C00610969 /* Info.plist */,
			);
			path = MailboxUITests;
			sourceTree = "<group>";
		};
/* End PBXGroup section */

/* Begin PBXNativeTarget section */
		24876D031C73875C00610969 /* Mailbox */ = {
			isa = PBXNativeTarget;
			buildConfigurationList = 24876D2C1C73875C00610969 /* Build configuration list for PBXNativeTarget "Mailbox" */;
			buildPhases = (
				24876D001C73875C00610969 /* Sources */,
				24876D011C73875C00610969 /* Frameworks */,
				24876D021C73875C00610969 /* Resources */,
			);
			buildRules = (
			);
			dependencies = (
			);
			name = Mailbox;
			productName = Mailbox;
			productReference = 24876D041C73875C00610969 /* Mailbox.app */;
			productType = "com.apple.product-type.application";
		};
		24876D171C73875C00610969 /* MailboxTests */ = {
			isa = PBXNativeTarget;
			buildConfigurationList = 24876D2F1C73875C00610969 /* Build configuration list for PBXNativeTarget "MailboxTests" */;
			buildPhases = (
				24876D141C73875C00610969 /* Sources */,
				24876D151C73875C00610969 /* Frameworks */,
				24876D161C73875C00610969 /* Resources */,
			);
			buildRules = (
			);
			dependencies = (
				24876D1A1C73875C00610969 /* PBXTargetDependency */,
			);
			name = MailboxTests;
			productName = MailboxTests;
			productReference = 24876D181C73875C00610969 /* MailboxTests.xctest */;
			productType = "com.apple.product-type.bundle.unit-test";
		};
		24876D221C73875C00610969 /* MailboxUITests */ = {
			isa = PBXNativeTarget;
			buildConfigurationList = 24876D321C73875C00610969 /* Build configuration list for PBXNativeTarget "MailboxUITests" */;
			buildPhases = (
				24876D1F1C73875C00610969 /* Sources */,
				24876D201C73875C00610969 /* Frameworks */,
				24876D211C73875C00610969 /* Resources */,
			);
			buildRules = (
			);
			dependencies = (
				24876D251C73875C00610969 /* PBXTargetDependency */,
			);
			name = MailboxUITests;
			productName = MailboxUITests;
			productReference = 24876D231C73875C00610969 /* MailboxUITests.xctest */;
			productType = "com.apple.product-type.bundle.ui-testing";
		};
/* End PBXNativeTarget section */

/* Begin PBXProject section */
		24876CFC1C73875C00610969 /* Project object */ = {
			isa = PBXProject;
			attributes = {
				LastUpgradeCheck = 0700;
				ORGANIZATIONNAME = "Grace Qi";
				TargetAttributes = {
					24876D031C73875C00610969 = {
						CreatedOnToolsVersion = 7.0;
						DevelopmentTeam = 8QFT6D3494;
					};
					24876D171C73875C00610969 = {
						CreatedOnToolsVersion = 7.0;
						DevelopmentTeam = 8QFT6D3494;
						TestTargetID = 24876D031C73875C00610969;
					};
					24876D221C73875C00610969 = {
						CreatedOnToolsVersion = 7.0;
						DevelopmentTeam = 8QFT6D3494;
						TestTargetID = 24876D031C73875C00610969;
					};
				};
			};
			buildConfigurationList = 24876CFF1C73875C00610969 /* Build configuration list for PBXProject "Mailbox" */;
			compatibilityVersion = "Xcode 3.2";
			developmentRegion = English;
			hasScannedForEncodings = 0;
			knownRegions = (
				en,
				Base,
			);
			mainGroup = 24876CFB1C73875C00610969;
			productRefGroup = 24876D051C73875C00610969 /* Products */;
			projectDirPath = "";
			projectRoot = "";
			targets = (
				24876D031C73875C00610969 /* Mailbox */,
				24876D171C73875C00610969 /* MailboxTests */,
				24876D221C73875C00610969 /* MailboxUITests */,
			);
		};
/* End PBXProject section */

/* Begin PBXResourcesBuildPhase section */
		24876D021C73875C00610969 /* Resources */ = {
			isa = PBXResourcesBuildPhase;
			buildActionMask = 2147483647;
			files = (
				24876D121C73875C00610969 /* LaunchScreen.storyboard in Resources */,
				24876D0F1C73875C00610969 /* Assets.xcassets in Resources */,
				24876D0D1C73875C00610969 /* Main.storyboard in Resources */,
			);
			runOnlyForDeploymentPostprocessing = 0;
		};
		24876D161C73875C00610969 /* Resources */ = {
			isa = PBXResourcesBuildPhase;
			buildActionMask = 2147483647;
			files = (
			);
			runOnlyForDeploymentPostprocessing = 0;
		};
		24876D211C73875C00610969 /* Resources */ = {
			isa = PBXResourcesBuildPhase;
			buildActionMask = 2147483647;
			files = (
			);
			runOnlyForDeploymentPostprocessing = 0;
		};
/* End PBXResourcesBuildPhase section */

/* Begin PBXSourcesBuildPhase section */
		24876D001C73875C00610969 /* Sources */ = {
			isa = PBXSourcesBuildPhase;
			buildActionMask = 2147483647;
			files = (
				24876D0A1C73875C00610969 /* ViewController.swift in Sources */,
				24876D081C73875C00610969 /* AppDelegate.swift in Sources */,
			);
			runOnlyForDeploymentPostprocessing = 0;
		};
		24876D141C73875C00610969 /* Sources */ = {
			isa = PBXSourcesBuildPhase;
			buildActionMask = 2147483647;
			files = (
				24876D1D1C73875C00610969 /* MailboxTests.swift in Sources */,
			);
			runOnlyForDeploymentPostprocessing = 0;
		};
		24876D1F1C73875C00610969 /* Sources */ = {
			isa = PBXSourcesBuildPhase;
			buildActionMask = 2147483647;
			files = (
				24876D281C73875C00610969 /* MailboxUITests.swift in Sources */,
			);
			runOnlyForDeploymentPostprocessing = 0;
		};
/* End PBXSourcesBuildPhase section */

/* Begin PBXTargetDependency section */
		24876D1A1C73875C00610969 /* PBXTargetDependency */ = {
			isa = PBXTargetDependency;
			target = 24876D031C73875C00610969 /* Mailbox */;
			targetProxy = 24876D191C73875C00610969 /* PBXContainerItemProxy */;
		};
		24876D251C73875C00610969 /* PBXTargetDependency */ = {
			isa = PBXTargetDependency;
			target = 24876D031C73875C00610969 /* Mailbox */;
			targetProxy = 24876D241C73875C00610969 /* PBXContainerItemProxy */;
		};
/* End PBXTargetDependency section */

/* Begin PBXVariantGroup section */
		24876D0B1C73875C00610969 /* Main.storyboard */ = {
			isa = PBXVariantGroup;
			children = (
				24876D0C1C73875C00610969 /* Base */,
			);
			name = Main.storyboard;
			sourceTree = "<group>";
		};
		24876D101C73875C00610969 /* LaunchScreen.storyboard */ = {
			isa = PBXVariantGroup;
			children = (
				24876D111C73875C00610969 /* Base */,
			);
			name = LaunchScreen.storyboard;
			sourceTree = "<group>";
		};
/* End PBXVariantGroup section */

/* Begin XCBuildConfiguration section */
		24876D2A1C73875C00610969 /* Debug */ = {
			isa = XCBuildConfiguration;
			buildSettings = {
				ALWAYS_SEARCH_USER_PATHS = NO;
				CLANG_CXX_LANGUAGE_STANDARD = "gnu++0x";
				CLANG_CXX_LIBRARY = "libc++";
				CLANG_ENABLE_MODULES = YES;
				CLANG_ENABLE_OBJC_ARC = YES;
				CLANG_WARN_BOOL_CONVERSION = YES;
				CLANG_WARN_CONSTANT_CONVERSION = YES;
				CLANG_WARN_DIRECT_OBJC_ISA_USAGE = YES_ERROR;
				CLANG_WARN_EMPTY_BODY = YES;
				CLANG_WARN_ENUM_CONVERSION = YES;
				CLANG_WARN_INT_CONVERSION = YES;
				CLANG_WARN_OBJC_ROOT_CLASS = YES_ERROR;
				CLANG_WARN_UNREACHABLE_CODE = YES;
				CLANG_WARN__DUPLICATE_METHOD_MATCH = YES;
				"CODE_SIGN_IDENTITY[sdk=iphoneos*]" = "iPhone Developer";
				COPY_PHASE_STRIP = NO;
				DEBUG_INFORMATION_FORMAT = dwarf;
				ENABLE_STRICT_OBJC_MSGSEND = YES;
				ENABLE_TESTABILITY = YES;
				GCC_C_LANGUAGE_STANDARD = gnu99;
				GCC_DYNAMIC_NO_PIC = NO;
				GCC_NO_COMMON_BLOCKS = YES;
				GCC_OPTIMIZATION_LEVEL = 0;
				GCC_PREPROCESSOR_DEFINITIONS = (
					"DEBUG=1",
					"$(inherited)",
				);
				GCC_WARN_64_TO_32_BIT_CONVERSION = YES;
				GCC_WARN_ABOUT_RETURN_TYPE = YES_ERROR;
				GCC_WARN_UNDECLARED_SELECTOR = YES;
				GCC_WARN_UNINITIALIZED_AUTOS = YES_AGGRESSIVE;
				GCC_WARN_UNUSED_FUNCTION = YES;
				GCC_WARN_UNUSED_VARIABLE = YES;
				IPHONEOS_DEPLOYMENT_TARGET = 9.0;
				MTL_ENABLE_DEBUG_INFO = YES;
				ONLY_ACTIVE_ARCH = YES;
				SDKROOT = iphoneos;
				SWIFT_OPTIMIZATION_LEVEL = "-Onone";
			};
			name = Debug;
		};
		24876D2B1C73875C00610969 /* Release */ = {
			isa = XCBuildConfiguration;
			buildSettings = {
				ALWAYS_SEARCH_USER_PATHS = NO;
				CLANG_CXX_LANGUAGE_STANDARD = "gnu++0x";
				CLANG_CXX_LIBRARY = "libc++";
				CLANG_ENABLE_MODULES = YES;
				CLANG_ENABLE_OBJC_ARC = YES;
				CLANG_WARN_BOOL_CONVERSION = YES;
				CLANG_WARN_CONSTANT_CONVERSION = YES;
				CLANG_WARN_DIRECT_OBJC_ISA_USAGE = YES_ERROR;
				CLANG_WARN_EMPTY_BODY = YES;
				CLANG_WARN_ENUM_CONVERSION = YES;
				CLANG_WARN_INT_CONVERSION = YES;
				CLANG_WARN_OBJC_ROOT_CLASS = YES_ERROR;
				CLANG_WARN_UNREACHABLE_CODE = YES;
				CLANG_WARN__DUPLICATE_METHOD_MATCH = YES;
				"CODE_SIGN_IDENTITY[sdk=iphoneos*]" = "iPhone Developer";
				COPY_PHASE_STRIP = NO;
				DEBUG_INFORMATION_FORMAT = "dwarf-with-dsym";
				ENABLE_NS_ASSERTIONS = NO;
				ENABLE_STRICT_OBJC_MSGSEND = YES;
				GCC_C_LANGUAGE_STANDARD = gnu99;
				GCC_NO_COMMON_BLOCKS = YES;
				GCC_WARN_64_TO_32_BIT_CONVERSION = YES;
				GCC_WARN_ABOUT_RETURN_TYPE = YES_ERROR;
				GCC_WARN_UNDECLARED_SELECTOR = YES;
				GCC_WARN_UNINITIALIZED_AUTOS = YES_AGGRESSIVE;
				GCC_WARN_UNUSED_FUNCTION = YES;
				GCC_WARN_UNUSED_VARIABLE = YES;
				IPHONEOS_DEPLOYMENT_TARGET = 9.0;
				MTL_ENABLE_DEBUG_INFO = NO;
				SDKROOT = iphoneos;
				VALIDATE_PRODUCT = YES;
			};
			name = Release;
		};
		24876D2D1C73875C00610969 /* Debug */ = {
			isa = XCBuildConfiguration;
			buildSettings = {
				ASSETCATALOG_COMPILER_APPICON_NAME = AppIcon;
				INFOPLIST_FILE = Mailbox/Info.plist;
				LD_RUNPATH_SEARCH_PATHS = "$(inherited) @executable_path/Frameworks";
				PRODUCT_BUNDLE_IDENTIFIER = com.grace.codepath.Mailbox;
				PRODUCT_NAME = "$(TARGET_NAME)";
			};
			name = Debug;
		};
		24876D2E1C73875C00610969 /* Release */ = {
			isa = XCBuildConfiguration;
			buildSettings = {
				ASSETCATALOG_COMPILER_APPICON_NAME = AppIcon;
				INFOPLIST_FILE = Mailbox/Info.plist;
				LD_RUNPATH_SEARCH_PATHS = "$(inherited) @executable_path/Frameworks";
				PRODUCT_BUNDLE_IDENTIFIER = com.grace.codepath.Mailbox;
				PRODUCT_NAME = "$(TARGET_NAME)";
			};
			name = Release;
		};
		24876D301C73875C00610969 /* Debug */ = {
			isa = XCBuildConfiguration;
			buildSettings = {
				BUNDLE_LOADER = "$(TEST_HOST)";
				INFOPLIST_FILE = MailboxTests/Info.plist;
				LD_RUNPATH_SEARCH_PATHS = "$(inherited) @executable_path/Frameworks @loader_path/Frameworks";
				PRODUCT_BUNDLE_IDENTIFIER = com.grace.codepath.MailboxTests;
				PRODUCT_NAME = "$(TARGET_NAME)";
				TEST_HOST = "$(BUILT_PRODUCTS_DIR)/Mailbox.app/Mailbox";
			};
			name = Debug;
		};
		24876D311C73875C00610969 /* Release */ = {
			isa = XCBuildConfiguration;
			buildSettings = {
				BUNDLE_LOADER = "$(TEST_HOST)";
				INFOPLIST_FILE = MailboxTests/Info.plist;
				LD_RUNPATH_SEARCH_PATHS = "$(inherited) @executable_path/Frameworks @loader_path/Frameworks";
				PRODUCT_BUNDLE_IDENTIFIER = com.grace.codepath.MailboxTests;
				PRODUCT_NAME = "$(TARGET_NAME)";
				TEST_HOST = "$(BUILT_PRODUCTS_DIR)/Mailbox.app/Mailbox";
			};
			name = Release;
		};
		24876D331C73875C00610969 /* Debug */ = {
			isa = XCBuildConfiguration;
			buildSettings = {
				INFOPLIST_FILE = MailboxUITests/Info.plist;
				LD_RUNPATH_SEARCH_PATHS = "$(inherited) @executable_path/Frameworks @loader_path/Frameworks";
				PRODUCT_BUNDLE_IDENTIFIER = com.grace.codepath.MailboxUITests;
				PRODUCT_NAME = "$(TARGET_NAME)";
				TEST_TARGET_NAME = Mailbox;
				USES_XCTRUNNER = YES;
			};
			name = Debug;
		};
		24876D341C73875C00610969 /* Release */ = {
			isa = XCBuildConfiguration;
			buildSettings = {
				INFOPLIST_FILE = MailboxUITests/Info.plist;
				LD_RUNPATH_SEARCH_PATHS = "$(inherited) @executable_path/Frameworks @loader_path/Frameworks";
				PRODUCT_BUNDLE_IDENTIFIER = com.grace.codepath.MailboxUITests;
				PRODUCT_NAME = "$(TARGET_NAME)";
				TEST_TARGET_NAME = Mailbox;
				USES_XCTRUNNER = YES;
			};
			name = Release;
		};
/* End XCBuildConfiguration section */

/* Begin XCConfigurationList section */
		24876CFF1C73875C00610969 /* Build configuration list for PBXProject "Mailbox" */ = {
			isa = XCConfigurationList;
			buildConfigurations = (
				24876D2A1C73875C00610969 /* Debug */,
				24876D2B1C73875C00610969 /* Release */,
			);
			defaultConfigurationIsVisible = 0;
			defaultConfigurationName = Release;
		};
		24876D2C1C73875C00610969 /* Build configuration list for PBXNativeTarget "Mailbox" */ = {
			isa = XCConfigurationList;
			buildConfigurations = (
				24876D2D1C73875C00610969 /* Debug */,
				24876D2E1C73875C00610969 /* Release */,
			);
			defaultConfigurationIsVisible = 0;
		};
		24876D2F1C73875C00610969 /* Build configuration list for PBXNativeTarget "MailboxTests" */ = {
			isa = XCConfigurationList;
			buildConfigurations = (
				24876D301C73875C00610969 /* Debug */,
				24876D311C73875C00610969 /* Release */,
			);
			defaultConfigurationIsVisible = 0;
		};
		24876D321C73875C00610969 /* Build configuration list for PBXNativeTarget "MailboxUITests" */ = {
			isa = XCConfigurationList;
			buildConfigurations = (
				24876D331C73875C00610969 /* Debug */,
				24876D341C73875C00610969 /* Release */,
			);
			defaultConfigurationIsVisible = 0;
		};
/* End XCConfigurationList section */
	};
	rootObject = 24876CFC1C73875C00610969 /* Project object */;
}
